
Microsoft Visual Studio Solution File, Format Version 12.00
# Visual Studio Version 17
VisualStudioVersion = 17.1.32414.318
MinimumVisualStudioVersion = 10.0.40219.1
Project("{FAE04EC0-301F-11D3-BF4B-00C04F79EFBC}") = "Composite", "Composite\Composite.csproj", "{CEB31B70-D399-4E6D-8724-1A8952A306A0}"
EndProject
Global
	GlobalSection(SolutionConfigurationPlatforms) = preSolution
		Debug|Any CPU = Debug|Any CPU
		Release|Any CPU = Release|Any CPU
	EndGlobalSection
	GlobalSection(ProjectConfigurationPlatforms) = postSolution
		{CEB31B70-D399-4E6D-8724-1A8952A306A0}.Debug|Any CPU.ActiveCfg = Debug|Any CPU
		{CEB31B70-D399-4E6D-8724-1A8952A306A0}.Debug|Any CPU.Build.0 = Debug|Any CPU
		{CEB31B70-D399-4E6D-8724-1A8952A306A0}.Release|Any CPU.ActiveCfg = Release|Any CPU
		{CEB31B70-D399-4E6D-8724-1A8952A306A0}.Release|Any CPU.Build.0 = Release|Any CPU
	EndGlobalSection
	GlobalSection(SolutionProperties) = preSolution
		HideSolutionNode = FALSE
	EndGlobalSection
	GlobalSection(ExtensibilityGlobals) = postSolution
		SolutionGuid = {2A99E3BE-65D4-487B-8FB5-6A4D25CB8061}
	EndGlobalSection
EndGlobal
