
Microsoft Visual Studio Solution File, Format Version 12.00
# Visual Studio Version 17
VisualStudioVersion = 17.1.32328.378
MinimumVisualStudioVersion = 10.0.40219.1
Project("{2150E333-8FDC-42A3-9474-1A3956D46DE8}") = "Creational", "Creational", "{2BEF7C25-EC8C-4285-A628-DBBB10AC7845}"
EndProject
Project("{9A19103F-16F7-4668-BE54-9A1E7A4F7556}") = "AbstractFactory", "Creational\AbstractFactory\AbstractFactory.csproj", "{E1000D38-939C-4D19-8383-F7FEC1191B32}"
EndProject
Project("{9A19103F-16F7-4668-BE54-9A1E7A4F7556}") = "FactoryMethod", "Creational\FactoryMethod\FactoryMethod.csproj", "{6A6DE283-E116-4F2C-A796-48F8FD34D89B}"
EndProject
Project("{9A19103F-16F7-4668-BE54-9A1E7A4F7556}") = "SimpleFactory", "Creational\SimpleFactory\SimpleFactory.csproj", "{D6BD4F7D-DCE5-4C3A-8D59-8B75CEB5E21D}"
EndProject
Project("{9A19103F-16F7-4668-BE54-9A1E7A4F7556}") = "Singleton", "Creational\Singleton\Singleton.csproj", "{0AD5A600-6E99-4944-8A2C-B9C81BB343C3}"
EndProject
Project("{9A19103F-16F7-4668-BE54-9A1E7A4F7556}") = "Builder", "Creational\Builder\Builder.csproj", "{B1C7C7A2-E29B-403F-8B56-0037FAE62E16}"
EndProject
Project("{9A19103F-16F7-4668-BE54-9A1E7A4F7556}") = "Prototype", "Creational\Prototype\Prototype.csproj", "{77423FAD-0FA4-4F2C-893F-91411ADC52CA}"
EndProject
Project("{2150E333-8FDC-42A3-9474-1A3956D46DE8}") = "Structural", "Structural", "{F3011997-7CA9-45E0-BD94-0BCF8AE792D1}"
EndProject
Project("{9A19103F-16F7-4668-BE54-9A1E7A4F7556}") = "Adapter", "Structural\Adapter\Adapter\Adapter.csproj", "{98C2ACCB-5C2C-47FA-8589-ECA2F9DC1BE5}"
EndProject
Project("{9A19103F-16F7-4668-BE54-9A1E7A4F7556}") = "Bridge", "Structural\Bridge\Bridge\Bridge.csproj", "{BB9DD5E4-895C-4716-80AE-E29A5335C313}"
EndProject
Project("{9A19103F-16F7-4668-BE54-9A1E7A4F7556}") = "Composite", "Structural\Composite\Composite\Composite.csproj", "{700CA6AC-8175-431D-BB16-91F7426636F5}"
EndProject
Project("{9A19103F-16F7-4668-BE54-9A1E7A4F7556}") = "Decorator", "Structural\Decorator\Decorator.csproj", "{745869F1-B7A2-49AD-A515-33C7F33A885A}"
EndProject
Project("{9A19103F-16F7-4668-BE54-9A1E7A4F7556}") = "Facade", "Structural\Facade\Facade.csproj", "{1FD10C2C-5FEC-47DA-ACB9-88EEB6320996}"
EndProject
Project("{9A19103F-16F7-4668-BE54-9A1E7A4F7556}") = "Flyweight", "Structural\Flyweight\Flyweight.csproj", "{6051BED6-B8E9-4543-9E65-01A7252A59AE}"
EndProject
Project("{9A19103F-16F7-4668-BE54-9A1E7A4F7556}") = "Proxy", "Structural\Proxy\Proxy.csproj", "{2A4BFC9B-CDFB-4F73-A264-79D25E9C3DBC}"
EndProject
Project("{2150E333-8FDC-42A3-9474-1A3956D46DE8}") = "Behavioral", "Behavioral", "{2A2658CC-717E-4599-932F-A92FAC1D1BC6}"
EndProject
Project("{9A19103F-16F7-4668-BE54-9A1E7A4F7556}") = "ChainOfResponsibility", "Behavioral\ChainOfResponsibility\ChainOfResponsibility.csproj", "{FA09C9CE-CC62-4DA2-ABCE-A9A91BBAC293}"
EndProject
Global
	GlobalSection(SolutionConfigurationPlatforms) = preSolution
		Debug|Any CPU = Debug|Any CPU
		Release|Any CPU = Release|Any CPU
	EndGlobalSection
	GlobalSection(ProjectConfigurationPlatforms) = postSolution
		{E1000D38-939C-4D19-8383-F7FEC1191B32}.Debug|Any CPU.ActiveCfg = Debug|Any CPU
		{E1000D38-939C-4D19-8383-F7FEC1191B32}.Debug|Any CPU.Build.0 = Debug|Any CPU
		{E1000D38-939C-4D19-8383-F7FEC1191B32}.Release|Any CPU.ActiveCfg = Release|Any CPU
		{E1000D38-939C-4D19-8383-F7FEC1191B32}.Release|Any CPU.Build.0 = Release|Any CPU
		{6A6DE283-E116-4F2C-A796-48F8FD34D89B}.Debug|Any CPU.ActiveCfg = Debug|Any CPU
		{6A6DE283-E116-4F2C-A796-48F8FD34D89B}.Debug|Any CPU.Build.0 = Debug|Any CPU
		{6A6DE283-E116-4F2C-A796-48F8FD34D89B}.Release|Any CPU.ActiveCfg = Release|Any CPU
		{6A6DE283-E116-4F2C-A796-48F8FD34D89B}.Release|Any CPU.Build.0 = Release|Any CPU
		{D6BD4F7D-DCE5-4C3A-8D59-8B75CEB5E21D}.Debug|Any CPU.ActiveCfg = Debug|Any CPU
		{D6BD4F7D-DCE5-4C3A-8D59-8B75CEB5E21D}.Debug|Any CPU.Build.0 = Debug|Any CPU
		{D6BD4F7D-DCE5-4C3A-8D59-8B75CEB5E21D}.Release|Any CPU.ActiveCfg = Release|Any CPU
		{D6BD4F7D-DCE5-4C3A-8D59-8B75CEB5E21D}.Release|Any CPU.Build.0 = Release|Any CPU
		{0AD5A600-6E99-4944-8A2C-B9C81BB343C3}.Debug|Any CPU.ActiveCfg = Debug|Any CPU
		{0AD5A600-6E99-4944-8A2C-B9C81BB343C3}.Debug|Any CPU.Build.0 = Debug|Any CPU
		{0AD5A600-6E99-4944-8A2C-B9C81BB343C3}.Release|Any CPU.ActiveCfg = Release|Any CPU
		{0AD5A600-6E99-4944-8A2C-B9C81BB343C3}.Release|Any CPU.Build.0 = Release|Any CPU
		{B1C7C7A2-E29B-403F-8B56-0037FAE62E16}.Debug|Any CPU.ActiveCfg = Debug|Any CPU
		{B1C7C7A2-E29B-403F-8B56-0037FAE62E16}.Debug|Any CPU.Build.0 = Debug|Any CPU
		{B1C7C7A2-E29B-403F-8B56-0037FAE62E16}.Release|Any CPU.ActiveCfg = Release|Any CPU
		{B1C7C7A2-E29B-403F-8B56-0037FAE62E16}.Release|Any CPU.Build.0 = Release|Any CPU
		{77423FAD-0FA4-4F2C-893F-91411ADC52CA}.Debug|Any CPU.ActiveCfg = Debug|Any CPU
		{77423FAD-0FA4-4F2C-893F-91411ADC52CA}.Debug|Any CPU.Build.0 = Debug|Any CPU
		{77423FAD-0FA4-4F2C-893F-91411ADC52CA}.Release|Any CPU.ActiveCfg = Release|Any CPU
		{77423FAD-0FA4-4F2C-893F-91411ADC52CA}.Release|Any CPU.Build.0 = Release|Any CPU
		{98C2ACCB-5C2C-47FA-8589-ECA2F9DC1BE5}.Debug|Any CPU.ActiveCfg = Debug|Any CPU
		{98C2ACCB-5C2C-47FA-8589-ECA2F9DC1BE5}.Debug|Any CPU.Build.0 = Debug|Any CPU
		{98C2ACCB-5C2C-47FA-8589-ECA2F9DC1BE5}.Release|Any CPU.ActiveCfg = Release|Any CPU
		{98C2ACCB-5C2C-47FA-8589-ECA2F9DC1BE5}.Release|Any CPU.Build.0 = Release|Any CPU
		{BB9DD5E4-895C-4716-80AE-E29A5335C313}.Debug|Any CPU.ActiveCfg = Debug|Any CPU
		{BB9DD5E4-895C-4716-80AE-E29A5335C313}.Debug|Any CPU.Build.0 = Debug|Any CPU
		{BB9DD5E4-895C-4716-80AE-E29A5335C313}.Release|Any CPU.ActiveCfg = Release|Any CPU
		{BB9DD5E4-895C-4716-80AE-E29A5335C313}.Release|Any CPU.Build.0 = Release|Any CPU
		{700CA6AC-8175-431D-BB16-91F7426636F5}.Debug|Any CPU.ActiveCfg = Debug|Any CPU
		{700CA6AC-8175-431D-BB16-91F7426636F5}.Debug|Any CPU.Build.0 = Debug|Any CPU
		{700CA6AC-8175-431D-BB16-91F7426636F5}.Release|Any CPU.ActiveCfg = Release|Any CPU
		{700CA6AC-8175-431D-BB16-91F7426636F5}.Release|Any CPU.Build.0 = Release|Any CPU
		{745869F1-B7A2-49AD-A515-33C7F33A885A}.Debug|Any CPU.ActiveCfg = Debug|Any CPU
		{745869F1-B7A2-49AD-A515-33C7F33A885A}.Debug|Any CPU.Build.0 = Debug|Any CPU
		{745869F1-B7A2-49AD-A515-33C7F33A885A}.Release|Any CPU.ActiveCfg = Release|Any CPU
		{745869F1-B7A2-49AD-A515-33C7F33A885A}.Release|Any CPU.Build.0 = Release|Any CPU
		{1FD10C2C-5FEC-47DA-ACB9-88EEB6320996}.Debug|Any CPU.ActiveCfg = Debug|Any CPU
		{1FD10C2C-5FEC-47DA-ACB9-88EEB6320996}.Debug|Any CPU.Build.0 = Debug|Any CPU
		{1FD10C2C-5FEC-47DA-ACB9-88EEB6320996}.Release|Any CPU.ActiveCfg = Release|Any CPU
		{1FD10C2C-5FEC-47DA-ACB9-88EEB6320996}.Release|Any CPU.Build.0 = Release|Any CPU
		{6051BED6-B8E9-4543-9E65-01A7252A59AE}.Debug|Any CPU.ActiveCfg = Debug|Any CPU
		{6051BED6-B8E9-4543-9E65-01A7252A59AE}.Debug|Any CPU.Build.0 = Debug|Any CPU
		{6051BED6-B8E9-4543-9E65-01A7252A59AE}.Release|Any CPU.ActiveCfg = Release|Any CPU
		{6051BED6-B8E9-4543-9E65-01A7252A59AE}.Release|Any CPU.Build.0 = Release|Any CPU
		{2A4BFC9B-CDFB-4F73-A264-79D25E9C3DBC}.Debug|Any CPU.ActiveCfg = Debug|Any CPU
		{2A4BFC9B-CDFB-4F73-A264-79D25E9C3DBC}.Debug|Any CPU.Build.0 = Debug|Any CPU
		{2A4BFC9B-CDFB-4F73-A264-79D25E9C3DBC}.Release|Any CPU.ActiveCfg = Release|Any CPU
		{2A4BFC9B-CDFB-4F73-A264-79D25E9C3DBC}.Release|Any CPU.Build.0 = Release|Any CPU
		{FA09C9CE-CC62-4DA2-ABCE-A9A91BBAC293}.Debug|Any CPU.ActiveCfg = Debug|Any CPU
		{FA09C9CE-CC62-4DA2-ABCE-A9A91BBAC293}.Debug|Any CPU.Build.0 = Debug|Any CPU
		{FA09C9CE-CC62-4DA2-ABCE-A9A91BBAC293}.Release|Any CPU.ActiveCfg = Release|Any CPU
		{FA09C9CE-CC62-4DA2-ABCE-A9A91BBAC293}.Release|Any CPU.Build.0 = Release|Any CPU
	EndGlobalSection
	GlobalSection(SolutionProperties) = preSolution
		HideSolutionNode = FALSE
	EndGlobalSection
	GlobalSection(NestedProjects) = preSolution
		{E1000D38-939C-4D19-8383-F7FEC1191B32} = {2BEF7C25-EC8C-4285-A628-DBBB10AC7845}
		{6A6DE283-E116-4F2C-A796-48F8FD34D89B} = {2BEF7C25-EC8C-4285-A628-DBBB10AC7845}
		{D6BD4F7D-DCE5-4C3A-8D59-8B75CEB5E21D} = {2BEF7C25-EC8C-4285-A628-DBBB10AC7845}
		{0AD5A600-6E99-4944-8A2C-B9C81BB343C3} = {2BEF7C25-EC8C-4285-A628-DBBB10AC7845}
		{B1C7C7A2-E29B-403F-8B56-0037FAE62E16} = {2BEF7C25-EC8C-4285-A628-DBBB10AC7845}
		{77423FAD-0FA4-4F2C-893F-91411ADC52CA} = {2BEF7C25-EC8C-4285-A628-DBBB10AC7845}
		{98C2ACCB-5C2C-47FA-8589-ECA2F9DC1BE5} = {F3011997-7CA9-45E0-BD94-0BCF8AE792D1}
		{BB9DD5E4-895C-4716-80AE-E29A5335C313} = {F3011997-7CA9-45E0-BD94-0BCF8AE792D1}
		{700CA6AC-8175-431D-BB16-91F7426636F5} = {F3011997-7CA9-45E0-BD94-0BCF8AE792D1}
		{745869F1-B7A2-49AD-A515-33C7F33A885A} = {F3011997-7CA9-45E0-BD94-0BCF8AE792D1}
		{1FD10C2C-5FEC-47DA-ACB9-88EEB6320996} = {F3011997-7CA9-45E0-BD94-0BCF8AE792D1}
		{6051BED6-B8E9-4543-9E65-01A7252A59AE} = {F3011997-7CA9-45E0-BD94-0BCF8AE792D1}
		{2A4BFC9B-CDFB-4F73-A264-79D25E9C3DBC} = {F3011997-7CA9-45E0-BD94-0BCF8AE792D1}
		{FA09C9CE-CC62-4DA2-ABCE-A9A91BBAC293} = {2A2658CC-717E-4599-932F-A92FAC1D1BC6}
	EndGlobalSection
	GlobalSection(ExtensibilityGlobals) = postSolution
		SolutionGuid = {D0F84B50-64B5-4B7B-B01B-F50CA71AA73D}
	EndGlobalSection
EndGlobal
